
Microsoft Visual Studio Solution File, Format Version 12.00
# Visual Studio 15
VisualStudioVersion = 15.0.28010.2026
MinimumVisualStudioVersion = 10.0.40219.1
Project("{FAE04EC0-301F-11D3-BF4B-00C04F79EFBC}") = "RankingPokerHands", "RankingPokerHands\RankingPokerHands.csproj", "{BF5F3972-D562-45EF-B92C-97C9D958F1A8}"
EndProject
Project("{FAE04EC0-301F-11D3-BF4B-00C04F79EFBC}") = "RankingPokerHandsTests", "RankingPokerHandsTests\RankingPokerHandsTests.csproj", "{C4CD3D20-675C-43F8-B9E1-CFF95E5B82A3}"
EndProject
Global
	GlobalSection(SolutionConfigurationPlatforms) = preSolution
		Debug|Any CPU = Debug|Any CPU
		Release|Any CPU = Release|Any CPU
	EndGlobalSection
	GlobalSection(ProjectConfigurationPlatforms) = postSolution
		{BF5F3972-D562-45EF-B92C-97C9D958F1A8}.Debug|Any CPU.ActiveCfg = Debug|Any CPU
		{BF5F3972-D562-45EF-B92C-97C9D958F1A8}.Debug|Any CPU.Build.0 = Debug|Any CPU
		{BF5F3972-D562-45EF-B92C-97C9D958F1A8}.Release|Any CPU.ActiveCfg = Release|Any CPU
		{BF5F3972-D562-45EF-B92C-97C9D958F1A8}.Release|Any CPU.Build.0 = Release|Any CPU
		{C4CD3D20-675C-43F8-B9E1-CFF95E5B82A3}.Debug|Any CPU.ActiveCfg = Debug|Any CPU
		{C4CD3D20-675C-43F8-B9E1-CFF95E5B82A3}.Debug|Any CPU.Build.0 = Debug|Any CPU
		{C4CD3D20-675C-43F8-B9E1-CFF95E5B82A3}.Release|Any CPU.ActiveCfg = Release|Any CPU
		{C4CD3D20-675C-43F8-B9E1-CFF95E5B82A3}.Release|Any CPU.Build.0 = Release|Any CPU
	EndGlobalSection
	GlobalSection(SolutionProperties) = preSolution
		HideSolutionNode = FALSE
	EndGlobalSection
	GlobalSection(ExtensibilityGlobals) = postSolution
		SolutionGuid = {26ADCA1E-5A07-494E-9E0D-C0BFA0C5A97E}
	EndGlobalSection
EndGlobal
